
Microsoft Visual Studio Solution File, Format Version 12.00
# Visual Studio 15
VisualStudioVersion = 15.0.28307.1259
MinimumVisualStudioVersion = 10.0.40219.1
Project("{FAE04EC0-301F-11D3-BF4B-00C04F79EFBC}") = "TheCashier", "TheCashier\TheCashier.csproj", "{BAE07566-AA43-4869-BD15-8A0656664294}"
EndProject
Global
	GlobalSection(SolutionConfigurationPlatforms) = preSolution
		Debug|Any CPU = Debug|Any CPU
		Release|Any CPU = Release|Any CPU
	EndGlobalSection
	GlobalSection(ProjectConfigurationPlatforms) = postSolution
		{BAE07566-AA43-4869-BD15-8A0656664294}.Debug|Any CPU.ActiveCfg = Debug|Any CPU
		{BAE07566-AA43-4869-BD15-8A0656664294}.Debug|Any CPU.Build.0 = Debug|Any CPU
		{BAE07566-AA43-4869-BD15-8A0656664294}.Release|Any CPU.ActiveCfg = Release|Any CPU
		{BAE07566-AA43-4869-BD15-8A0656664294}.Release|Any CPU.Build.0 = Release|Any CPU
	EndGlobalSection
	GlobalSection(SolutionProperties) = preSolution
		HideSolutionNode = FALSE
	EndGlobalSection
	GlobalSection(ExtensibilityGlobals) = postSolution
		SolutionGuid = {03FBF672-D89A-4381-BF8A-3460789A5B9E}
	EndGlobalSection
EndGlobal
